# THIS IS AN AUTOGENERATED FILE. DO NOT EDIT THIS FILE DIRECTLY.
# yarn lockfile v1


dropzone@^5.5.1:
  version "5.9.2"
  resolved "https://registry.yarnpkg.com/dropzone/-/dropzone-5.9.2.tgz#0a90ce3f6b011c3932484f368f4bf06223729450"
  integrity sha512-5t2z51DzIsWDbTpwcJIvUlwxBbvcwdCApz0yb9ecKJwG155Xm92KMEZmHW1B0MzoXOKvFwdd0nPu5cpeVcvPHQ==

jquery-mask-plugin@^1.14.16:
  version "1.14.16"
  resolved "https://registry.yarnpkg.com/jquery-mask-plugin/-/jquery-mask-plugin-1.14.16.tgz#9ebb55947d984da5aade45315b2fe6b113e28aae"
  integrity sha512-reywdHlYEkPbzWjTpcc1fk9XQ3PLvO5dzEAVqy8zI7NTF22tB1HbeU3iboZTLdkBEPaWAqeI2HtEjsGQ4roZKw==

jssocials@^1.5.0:
  version "1.5.0"
  resolved "https://registry.yarnpkg.com/jssocials/-/jssocials-1.5.0.tgz#7dee587e7b98b26c658889da474839a6191144c7"
  integrity sha1-fe5YfnuYsmxliInaR0g5phkRRMc=

vue2-dropzone@^3.6.0:
  version "3.6.0"
  resolved "https://registry.yarnpkg.com/vue2-dropzone/-/vue2-dropzone-3.6.0.tgz#b4bb4b64de1cbbb3b88f04b24878e06780a51546"
  integrity sha512-YXC1nCWIZvfa98e/i6h+EshZCkFSxFEh0Sxr9ODfThAPPDVhAzLLlz/4XIx0NGO1QeSy6htwSstte47R7vVhLQ==
  dependencies:
    dropzone "^5.5.1"
